
Microsoft Visual Studio Solution File, Format Version 12.00
# Visual Studio 2013
VisualStudioVersion = 12.0.31101.0
MinimumVisualStudioVersion = 10.0.40219.1
Project("{2150E333-8FDC-42A3-9474-1A3956D46DE8}") = "AutenticacaoContext", "AutenticacaoContext", "{659418C6-3936-4056-AC07-9666C24F2537}"
EndProject
Project("{2150E333-8FDC-42A3-9474-1A3956D46DE8}") = "GerenciaProjetoContext", "GerenciaProjetoContext", "{466A1DF5-259F-4F47-A69F-6C01BC751E63}"
EndProject
Project("{2150E333-8FDC-42A3-9474-1A3956D46DE8}") = "GestaoHorasContext", "GestaoHorasContext", "{3E364A75-45B7-4068-B49F-36D9EF1970B1}"
EndProject
Project("{FAE04EC0-301F-11D3-BF4B-00C04F79EFBC}") = "OpenTfsPortal", "OpenTfsPortal\OpenTfsPortal.csproj", "{B092B6FD-7A1C-4E8B-85B1-B3EF0EC20A3C}"
EndProject
Project("{FAE04EC0-301F-11D3-BF4B-00C04F79EFBC}") = "Otfs.GestaoHoras.Core", "GestaoHoraContext\Otfs.GestaoHoras.Core\Otfs.GestaoHoras.Core.csproj", "{63DA2B0A-727B-4178-B965-5BB5E5359C18}"
EndProject
Project("{FAE04EC0-301F-11D3-BF4B-00C04F79EFBC}") = "Otfs.GestaoHoras.Data", "GestaoHoraContext\Otfs.GestaoHoras.Data\Otfs.GestaoHoras.Data.csproj", "{08C3F590-28E6-4088-BC62-7AF6925EF92A}"
EndProject
Project("{FAE04EC0-301F-11D3-BF4B-00C04F79EFBC}") = "Otfs.GestaoHoras.Data.Externa", "GestaoHoraContext\Otfs.GestaoHoras.Data.Externa\Otfs.GestaoHoras.Data.Externa.csproj", "{AA8B5043-35D4-48B9-BC6A-05225FB162D9}"
EndProject
Project("{2150E333-8FDC-42A3-9474-1A3956D46DE8}") = "Common", "Common", "{6DA99475-698E-474F-BFDE-4673E9AC485B}"
EndProject
Project("{FAE04EC0-301F-11D3-BF4B-00C04F79EFBC}") = "Otfs.IdentityAccess.Core", "IdentityAccess\Otfs.IdentityAccess.Core\Otfs.IdentityAccess.Core.csproj", "{EE2D0645-2F79-4E04-9450-8B048DFC487B}"
EndProject
Project("{FAE04EC0-301F-11D3-BF4B-00C04F79EFBC}") = "Otfs.IdentityAccess.Data", "IdentityAccess\Otfs.IdentityAccess.Data\Otfs.IdentityAccess.Data.csproj", "{D3B19775-74F5-4BFB-9C6F-99C02B63F724}"
EndProject
Project("{FAE04EC0-301F-11D3-BF4B-00C04F79EFBC}") = "Common", "SharedKernel\Common\Common.csproj", "{5EDB5BB2-338F-4DF5-9B60-8581659E731F}"
EndProject
Project("{FAE04EC0-301F-11D3-BF4B-00C04F79EFBC}") = "Common.Data", "SharedKernel\Common.Data\Common.Data.csproj", "{49AC7BC0-7E17-4F53-9192-D16909B3ECA1}"
EndProject
Project("{FAE04EC0-301F-11D3-BF4B-00C04F79EFBC}") = "Otfs.ProjectManagement.Core", "ProjectManagement\Otfs.ProjectManagement.Core\Otfs.ProjectManagement.Core.csproj", "{A88C8C6D-7E84-4F85-9E18-231979B1F4A6}"
EndProject
Project("{FAE04EC0-301F-11D3-BF4B-00C04F79EFBC}") = "Otfs.ProjectManagement.Data", "ProjectManagement\Otfs.ProjectManagement.Data\Otfs.ProjectManagement.Data.csproj", "{1D964EF2-8D9C-452E-8F80-418C77B8AE58}"
EndProject
Global
	GlobalSection(SolutionConfigurationPlatforms) = preSolution
		Debug - Todos menos a Extranet2|.NET = Debug - Todos menos a Extranet2|.NET
		Debug - Todos menos a Extranet2|Any CPU = Debug - Todos menos a Extranet2|Any CPU
		Debug - Todos menos a Extranet2|Mixed Platforms = Debug - Todos menos a Extranet2|Mixed Platforms
		Debug - Todos menos a Extranet2|x64 = Debug - Todos menos a Extranet2|x64
		Debug - Todos menos a Extranet2|x86 = Debug - Todos menos a Extranet2|x86
		Debug|.NET = Debug|.NET
		Debug|Any CPU = Debug|Any CPU
		Debug|Mixed Platforms = Debug|Mixed Platforms
		Debug|x64 = Debug|x64
		Debug|x86 = Debug|x86
		Release|.NET = Release|.NET
		Release|Any CPU = Release|Any CPU
		Release|Mixed Platforms = Release|Mixed Platforms
		Release|x64 = Release|x64
		Release|x86 = Release|x86
		Teste x64 Debug|.NET = Teste x64 Debug|.NET
		Teste x64 Debug|Any CPU = Teste x64 Debug|Any CPU
		Teste x64 Debug|Mixed Platforms = Teste x64 Debug|Mixed Platforms
		Teste x64 Debug|x64 = Teste x64 Debug|x64
		Teste x64 Debug|x86 = Teste x64 Debug|x86
		Teste x64|.NET = Teste x64|.NET
		Teste x64|Any CPU = Teste x64|Any CPU
		Teste x64|Mixed Platforms = Teste x64|Mixed Platforms
		Teste x64|x64 = Teste x64|x64
		Teste x64|x86 = Teste x64|x86
	EndGlobalSection
	GlobalSection(ProjectConfigurationPlatforms) = postSolution
		{B092B6FD-7A1C-4E8B-85B1-B3EF0EC20A3C}.Debug - Todos menos a Extranet2|.NET.ActiveCfg = Debug|Any CPU
		{B092B6FD-7A1C-4E8B-85B1-B3EF0EC20A3C}.Debug - Todos menos a Extranet2|Any CPU.ActiveCfg = Debug|Any CPU
		{B092B6FD-7A1C-4E8B-85B1-B3EF0EC20A3C}.Debug - Todos menos a Extranet2|Mixed Platforms.ActiveCfg = Debug|Any CPU
		{B092B6FD-7A1C-4E8B-85B1-B3EF0EC20A3C}.Debug - Todos menos a Extranet2|x64.ActiveCfg = Debug|Any CPU
		{B092B6FD-7A1C-4E8B-85B1-B3EF0EC20A3C}.Debug - Todos menos a Extranet2|x86.ActiveCfg = Debug|Any CPU
		{B092B6FD-7A1C-4E8B-85B1-B3EF0EC20A3C}.Debug|.NET.ActiveCfg = Debug|Any CPU
		{B092B6FD-7A1C-4E8B-85B1-B3EF0EC20A3C}.Debug|Any CPU.ActiveCfg = Debug|Any CPU
		{B092B6FD-7A1C-4E8B-85B1-B3EF0EC20A3C}.Debug|Any CPU.Build.0 = Debug|Any CPU
		{B092B6FD-7A1C-4E8B-85B1-B3EF0EC20A3C}.Debug|Mixed Platforms.ActiveCfg = Debug|Any CPU
		{B092B6FD-7A1C-4E8B-85B1-B3EF0EC20A3C}.Debug|Mixed Platforms.Build.0 = Debug|Any CPU
		{B092B6FD-7A1C-4E8B-85B1-B3EF0EC20A3C}.Debug|x64.ActiveCfg = Debug|Any CPU
		{B092B6FD-7A1C-4E8B-85B1-B3EF0EC20A3C}.Debug|x86.ActiveCfg = Debug|Any CPU
		{B092B6FD-7A1C-4E8B-85B1-B3EF0EC20A3C}.Release|.NET.ActiveCfg = Release|Any CPU
		{B092B6FD-7A1C-4E8B-85B1-B3EF0EC20A3C}.Release|Any CPU.ActiveCfg = Release|Any CPU
		{B092B6FD-7A1C-4E8B-85B1-B3EF0EC20A3C}.Release|Any CPU.Build.0 = Release|Any CPU
		{B092B6FD-7A1C-4E8B-85B1-B3EF0EC20A3C}.Release|Mixed Platforms.ActiveCfg = Release|Any CPU
		{B092B6FD-7A1C-4E8B-85B1-B3EF0EC20A3C}.Release|x64.ActiveCfg = Release|Any CPU
		{B092B6FD-7A1C-4E8B-85B1-B3EF0EC20A3C}.Release|x86.ActiveCfg = Release|Any CPU
		{B092B6FD-7A1C-4E8B-85B1-B3EF0EC20A3C}.Teste x64 Debug|.NET.ActiveCfg = Debug|Any CPU
		{B092B6FD-7A1C-4E8B-85B1-B3EF0EC20A3C}.Teste x64 Debug|Any CPU.ActiveCfg = Debug|Any CPU
		{B092B6FD-7A1C-4E8B-85B1-B3EF0EC20A3C}.Teste x64 Debug|Mixed Platforms.ActiveCfg = Debug|Any CPU
		{B092B6FD-7A1C-4E8B-85B1-B3EF0EC20A3C}.Teste x64 Debug|x64.ActiveCfg = Debug|Any CPU
		{B092B6FD-7A1C-4E8B-85B1-B3EF0EC20A3C}.Teste x64 Debug|x86.ActiveCfg = Debug|Any CPU
		{B092B6FD-7A1C-4E8B-85B1-B3EF0EC20A3C}.Teste x64|.NET.ActiveCfg = Release|Any CPU
		{B092B6FD-7A1C-4E8B-85B1-B3EF0EC20A3C}.Teste x64|Any CPU.ActiveCfg = Release|Any CPU
		{B092B6FD-7A1C-4E8B-85B1-B3EF0EC20A3C}.Teste x64|Mixed Platforms.ActiveCfg = Release|Any CPU
		{B092B6FD-7A1C-4E8B-85B1-B3EF0EC20A3C}.Teste x64|x64.ActiveCfg = Release|Any CPU
		{B092B6FD-7A1C-4E8B-85B1-B3EF0EC20A3C}.Teste x64|x86.ActiveCfg = Release|Any CPU
		{63DA2B0A-727B-4178-B965-5BB5E5359C18}.Debug - Todos menos a Extranet2|.NET.ActiveCfg = Debug|Any CPU
		{63DA2B0A-727B-4178-B965-5BB5E5359C18}.Debug - Todos menos a Extranet2|Any CPU.ActiveCfg = Debug|Any CPU
		{63DA2B0A-727B-4178-B965-5BB5E5359C18}.Debug - Todos menos a Extranet2|Any CPU.Build.0 = Debug|Any CPU
		{63DA2B0A-727B-4178-B965-5BB5E5359C18}.Debug - Todos menos a Extranet2|Mixed Platforms.ActiveCfg = Debug|Any CPU
		{63DA2B0A-727B-4178-B965-5BB5E5359C18}.Debug - Todos menos a Extranet2|Mixed Platforms.Build.0 = Debug|Any CPU
		{63DA2B0A-727B-4178-B965-5BB5E5359C18}.Debug - Todos menos a Extranet2|x64.ActiveCfg = Debug|Any CPU
		{63DA2B0A-727B-4178-B965-5BB5E5359C18}.Debug - Todos menos a Extranet2|x86.ActiveCfg = Debug|Any CPU
		{63DA2B0A-727B-4178-B965-5BB5E5359C18}.Debug|.NET.ActiveCfg = Debug|Any CPU
		{63DA2B0A-727B-4178-B965-5BB5E5359C18}.Debug|Any CPU.ActiveCfg = Debug|Any CPU
		{63DA2B0A-727B-4178-B965-5BB5E5359C18}.Debug|Any CPU.Build.0 = Debug|Any CPU
		{63DA2B0A-727B-4178-B965-5BB5E5359C18}.Debug|Mixed Platforms.ActiveCfg = Debug|Any CPU
		{63DA2B0A-727B-4178-B965-5BB5E5359C18}.Debug|Mixed Platforms.Build.0 = Debug|Any CPU
		{63DA2B0A-727B-4178-B965-5BB5E5359C18}.Debug|x64.ActiveCfg = Debug|Any CPU
		{63DA2B0A-727B-4178-B965-5BB5E5359C18}.Debug|x86.ActiveCfg = Debug|Any CPU
		{63DA2B0A-727B-4178-B965-5BB5E5359C18}.Release|.NET.ActiveCfg = Release|Any CPU
		{63DA2B0A-727B-4178-B965-5BB5E5359C18}.Release|Any CPU.ActiveCfg = Release|Any CPU
		{63DA2B0A-727B-4178-B965-5BB5E5359C18}.Release|Any CPU.Build.0 = Release|Any CPU
		{63DA2B0A-727B-4178-B965-5BB5E5359C18}.Release|Mixed Platforms.ActiveCfg = Release|Any CPU
		{63DA2B0A-727B-4178-B965-5BB5E5359C18}.Release|Mixed Platforms.Build.0 = Release|Any CPU
		{63DA2B0A-727B-4178-B965-5BB5E5359C18}.Release|x64.ActiveCfg = Release|Any CPU
		{63DA2B0A-727B-4178-B965-5BB5E5359C18}.Release|x86.ActiveCfg = Release|Any CPU
		{63DA2B0A-727B-4178-B965-5BB5E5359C18}.Teste x64 Debug|.NET.ActiveCfg = Debug|Any CPU
		{63DA2B0A-727B-4178-B965-5BB5E5359C18}.Teste x64 Debug|Any CPU.ActiveCfg = Debug|Any CPU
		{63DA2B0A-727B-4178-B965-5BB5E5359C18}.Teste x64 Debug|Any CPU.Build.0 = Debug|Any CPU
		{63DA2B0A-727B-4178-B965-5BB5E5359C18}.Teste x64 Debug|Mixed Platforms.ActiveCfg = Debug|Any CPU
		{63DA2B0A-727B-4178-B965-5BB5E5359C18}.Teste x64 Debug|Mixed Platforms.Build.0 = Debug|Any CPU
		{63DA2B0A-727B-4178-B965-5BB5E5359C18}.Teste x64 Debug|x64.ActiveCfg = Debug|Any CPU
		{63DA2B0A-727B-4178-B965-5BB5E5359C18}.Teste x64 Debug|x86.ActiveCfg = Debug|Any CPU
		{63DA2B0A-727B-4178-B965-5BB5E5359C18}.Teste x64|.NET.ActiveCfg = Release|Any CPU
		{63DA2B0A-727B-4178-B965-5BB5E5359C18}.Teste x64|Any CPU.ActiveCfg = Release|Any CPU
		{63DA2B0A-727B-4178-B965-5BB5E5359C18}.Teste x64|Any CPU.Build.0 = Release|Any CPU
		{63DA2B0A-727B-4178-B965-5BB5E5359C18}.Teste x64|Mixed Platforms.ActiveCfg = Release|Any CPU
		{63DA2B0A-727B-4178-B965-5BB5E5359C18}.Teste x64|Mixed Platforms.Build.0 = Release|Any CPU
		{63DA2B0A-727B-4178-B965-5BB5E5359C18}.Teste x64|x64.ActiveCfg = Release|Any CPU
		{63DA2B0A-727B-4178-B965-5BB5E5359C18}.Teste x64|x86.ActiveCfg = Release|Any CPU
		{08C3F590-28E6-4088-BC62-7AF6925EF92A}.Debug - Todos menos a Extranet2|.NET.ActiveCfg = Debug|Any CPU
		{08C3F590-28E6-4088-BC62-7AF6925EF92A}.Debug - Todos menos a Extranet2|Any CPU.ActiveCfg = Debug|Any CPU
		{08C3F590-28E6-4088-BC62-7AF6925EF92A}.Debug - Todos menos a Extranet2|Any CPU.Build.0 = Debug|Any CPU
		{08C3F590-28E6-4088-BC62-7AF6925EF92A}.Debug - Todos menos a Extranet2|Mixed Platforms.ActiveCfg = Debug|Any CPU
		{08C3F590-28E6-4088-BC62-7AF6925EF92A}.Debug - Todos menos a Extranet2|Mixed Platforms.Build.0 = Debug|Any CPU
		{08C3F590-28E6-4088-BC62-7AF6925EF92A}.Debug - Todos menos a Extranet2|x64.ActiveCfg = Debug|Any CPU
		{08C3F590-28E6-4088-BC62-7AF6925EF92A}.Debug - Todos menos a Extranet2|x86.ActiveCfg = Debug|Any CPU
		{08C3F590-28E6-4088-BC62-7AF6925EF92A}.Debug|.NET.ActiveCfg = Debug|Any CPU
		{08C3F590-28E6-4088-BC62-7AF6925EF92A}.Debug|Any CPU.ActiveCfg = Debug|Any CPU
		{08C3F590-28E6-4088-BC62-7AF6925EF92A}.Debug|Any CPU.Build.0 = Debug|Any CPU
		{08C3F590-28E6-4088-BC62-7AF6925EF92A}.Debug|Mixed Platforms.ActiveCfg = Debug|Any CPU
		{08C3F590-28E6-4088-BC62-7AF6925EF92A}.Debug|Mixed Platforms.Build.0 = Debug|Any CPU
		{08C3F590-28E6-4088-BC62-7AF6925EF92A}.Debug|x64.ActiveCfg = Debug|Any CPU
		{08C3F590-28E6-4088-BC62-7AF6925EF92A}.Debug|x86.ActiveCfg = Debug|Any CPU
		{08C3F590-28E6-4088-BC62-7AF6925EF92A}.Release|.NET.ActiveCfg = Release|Any CPU
		{08C3F590-28E6-4088-BC62-7AF6925EF92A}.Release|Any CPU.ActiveCfg = Release|Any CPU
		{08C3F590-28E6-4088-BC62-7AF6925EF92A}.Release|Any CPU.Build.0 = Release|Any CPU
		{08C3F590-28E6-4088-BC62-7AF6925EF92A}.Release|Mixed Platforms.ActiveCfg = Release|Any CPU
		{08C3F590-28E6-4088-BC62-7AF6925EF92A}.Release|Mixed Platforms.Build.0 = Release|Any CPU
		{08C3F590-28E6-4088-BC62-7AF6925EF92A}.Release|x64.ActiveCfg = Release|Any CPU
		{08C3F590-28E6-4088-BC62-7AF6925EF92A}.Release|x86.ActiveCfg = Release|Any CPU
		{08C3F590-28E6-4088-BC62-7AF6925EF92A}.Teste x64 Debug|.NET.ActiveCfg = Debug|Any CPU
		{08C3F590-28E6-4088-BC62-7AF6925EF92A}.Teste x64 Debug|Any CPU.ActiveCfg = Debug|Any CPU
		{08C3F590-28E6-4088-BC62-7AF6925EF92A}.Teste x64 Debug|Any CPU.Build.0 = Debug|Any CPU
		{08C3F590-28E6-4088-BC62-7AF6925EF92A}.Teste x64 Debug|Mixed Platforms.ActiveCfg = Debug|Any CPU
		{08C3F590-28E6-4088-BC62-7AF6925EF92A}.Teste x64 Debug|Mixed Platforms.Build.0 = Debug|Any CPU
		{08C3F590-28E6-4088-BC62-7AF6925EF92A}.Teste x64 Debug|x64.ActiveCfg = Debug|Any CPU
		{08C3F590-28E6-4088-BC62-7AF6925EF92A}.Teste x64 Debug|x86.ActiveCfg = Debug|Any CPU
		{08C3F590-28E6-4088-BC62-7AF6925EF92A}.Teste x64|.NET.ActiveCfg = Release|Any CPU
		{08C3F590-28E6-4088-BC62-7AF6925EF92A}.Teste x64|Any CPU.ActiveCfg = Release|Any CPU
		{08C3F590-28E6-4088-BC62-7AF6925EF92A}.Teste x64|Any CPU.Build.0 = Release|Any CPU
		{08C3F590-28E6-4088-BC62-7AF6925EF92A}.Teste x64|Mixed Platforms.ActiveCfg = Release|Any CPU
		{08C3F590-28E6-4088-BC62-7AF6925EF92A}.Teste x64|Mixed Platforms.Build.0 = Release|Any CPU
		{08C3F590-28E6-4088-BC62-7AF6925EF92A}.Teste x64|x64.ActiveCfg = Release|Any CPU
		{08C3F590-28E6-4088-BC62-7AF6925EF92A}.Teste x64|x86.ActiveCfg = Release|Any CPU
		{AA8B5043-35D4-48B9-BC6A-05225FB162D9}.Debug - Todos menos a Extranet2|.NET.ActiveCfg = Debug|Any CPU
		{AA8B5043-35D4-48B9-BC6A-05225FB162D9}.Debug - Todos menos a Extranet2|Any CPU.ActiveCfg = Debug|Any CPU
		{AA8B5043-35D4-48B9-BC6A-05225FB162D9}.Debug - Todos menos a Extranet2|Any CPU.Build.0 = Debug|Any CPU
		{AA8B5043-35D4-48B9-BC6A-05225FB162D9}.Debug - Todos menos a Extranet2|Mixed Platforms.ActiveCfg = Debug|Any CPU
		{AA8B5043-35D4-48B9-BC6A-05225FB162D9}.Debug - Todos menos a Extranet2|Mixed Platforms.Build.0 = Debug|Any CPU
		{AA8B5043-35D4-48B9-BC6A-05225FB162D9}.Debug - Todos menos a Extranet2|x64.ActiveCfg = Debug|Any CPU
		{AA8B5043-35D4-48B9-BC6A-05225FB162D9}.Debug - Todos menos a Extranet2|x86.ActiveCfg = Debug|Any CPU
		{AA8B5043-35D4-48B9-BC6A-05225FB162D9}.Debug|.NET.ActiveCfg = Debug|Any CPU
		{AA8B5043-35D4-48B9-BC6A-05225FB162D9}.Debug|Any CPU.ActiveCfg = Debug|Any CPU
		{AA8B5043-35D4-48B9-BC6A-05225FB162D9}.Debug|Any CPU.Build.0 = Debug|Any CPU
		{AA8B5043-35D4-48B9-BC6A-05225FB162D9}.Debug|Mixed Platforms.ActiveCfg = Debug|Any CPU
		{AA8B5043-35D4-48B9-BC6A-05225FB162D9}.Debug|Mixed Platforms.Build.0 = Debug|Any CPU
		{AA8B5043-35D4-48B9-BC6A-05225FB162D9}.Debug|x64.ActiveCfg = Debug|Any CPU
		{AA8B5043-35D4-48B9-BC6A-05225FB162D9}.Debug|x86.ActiveCfg = Debug|Any CPU
		{AA8B5043-35D4-48B9-BC6A-05225FB162D9}.Release|.NET.ActiveCfg = Release|Any CPU
		{AA8B5043-35D4-48B9-BC6A-05225FB162D9}.Release|Any CPU.ActiveCfg = Release|Any CPU
		{AA8B5043-35D4-48B9-BC6A-05225FB162D9}.Release|Any CPU.Build.0 = Release|Any CPU
		{AA8B5043-35D4-48B9-BC6A-05225FB162D9}.Release|Mixed Platforms.ActiveCfg = Release|Any CPU
		{AA8B5043-35D4-48B9-BC6A-05225FB162D9}.Release|Mixed Platforms.Build.0 = Release|Any CPU
		{AA8B5043-35D4-48B9-BC6A-05225FB162D9}.Release|x64.ActiveCfg = Release|Any CPU
		{AA8B5043-35D4-48B9-BC6A-05225FB162D9}.Release|x86.ActiveCfg = Release|Any CPU
		{AA8B5043-35D4-48B9-BC6A-05225FB162D9}.Teste x64 Debug|.NET.ActiveCfg = Debug|Any CPU
		{AA8B5043-35D4-48B9-BC6A-05225FB162D9}.Teste x64 Debug|Any CPU.ActiveCfg = Debug|Any CPU
		{AA8B5043-35D4-48B9-BC6A-05225FB162D9}.Teste x64 Debug|Any CPU.Build.0 = Debug|Any CPU
		{AA8B5043-35D4-48B9-BC6A-05225FB162D9}.Teste x64 Debug|Mixed Platforms.ActiveCfg = Debug|Any CPU
		{AA8B5043-35D4-48B9-BC6A-05225FB162D9}.Teste x64 Debug|Mixed Platforms.Build.0 = Debug|Any CPU
		{AA8B5043-35D4-48B9-BC6A-05225FB162D9}.Teste x64 Debug|x64.ActiveCfg = Debug|Any CPU
		{AA8B5043-35D4-48B9-BC6A-05225FB162D9}.Teste x64 Debug|x86.ActiveCfg = Debug|Any CPU
		{AA8B5043-35D4-48B9-BC6A-05225FB162D9}.Teste x64|.NET.ActiveCfg = Release|Any CPU
		{AA8B5043-35D4-48B9-BC6A-05225FB162D9}.Teste x64|Any CPU.ActiveCfg = Release|Any CPU
		{AA8B5043-35D4-48B9-BC6A-05225FB162D9}.Teste x64|Any CPU.Build.0 = Release|Any CPU
		{AA8B5043-35D4-48B9-BC6A-05225FB162D9}.Teste x64|Mixed Platforms.ActiveCfg = Release|Any CPU
		{AA8B5043-35D4-48B9-BC6A-05225FB162D9}.Teste x64|Mixed Platforms.Build.0 = Release|Any CPU
		{AA8B5043-35D4-48B9-BC6A-05225FB162D9}.Teste x64|x64.ActiveCfg = Release|Any CPU
		{AA8B5043-35D4-48B9-BC6A-05225FB162D9}.Teste x64|x86.ActiveCfg = Release|Any CPU
		{EE2D0645-2F79-4E04-9450-8B048DFC487B}.Debug - Todos menos a Extranet2|.NET.ActiveCfg = Debug|Any CPU
		{EE2D0645-2F79-4E04-9450-8B048DFC487B}.Debug - Todos menos a Extranet2|Any CPU.ActiveCfg = Debug|Any CPU
		{EE2D0645-2F79-4E04-9450-8B048DFC487B}.Debug - Todos menos a Extranet2|Any CPU.Build.0 = Debug|Any CPU
		{EE2D0645-2F79-4E04-9450-8B048DFC487B}.Debug - Todos menos a Extranet2|Mixed Platforms.ActiveCfg = Debug|x86
		{EE2D0645-2F79-4E04-9450-8B048DFC487B}.Debug - Todos menos a Extranet2|Mixed Platforms.Build.0 = Debug|x86
		{EE2D0645-2F79-4E04-9450-8B048DFC487B}.Debug - Todos menos a Extranet2|x64.ActiveCfg = Debug|x64
		{EE2D0645-2F79-4E04-9450-8B048DFC487B}.Debug - Todos menos a Extranet2|x64.Build.0 = Debug|x64
		{EE2D0645-2F79-4E04-9450-8B048DFC487B}.Debug - Todos menos a Extranet2|x86.ActiveCfg = Debug|x86
		{EE2D0645-2F79-4E04-9450-8B048DFC487B}.Debug - Todos menos a Extranet2|x86.Build.0 = Debug|x86
		{EE2D0645-2F79-4E04-9450-8B048DFC487B}.Debug|.NET.ActiveCfg = Debug|Any CPU
		{EE2D0645-2F79-4E04-9450-8B048DFC487B}.Debug|Any CPU.ActiveCfg = Debug|Any CPU
		{EE2D0645-2F79-4E04-9450-8B048DFC487B}.Debug|Any CPU.Build.0 = Debug|Any CPU
		{EE2D0645-2F79-4E04-9450-8B048DFC487B}.Debug|Mixed Platforms.ActiveCfg = Debug|x86
		{EE2D0645-2F79-4E04-9450-8B048DFC487B}.Debug|Mixed Platforms.Build.0 = Debug|x86
		{EE2D0645-2F79-4E04-9450-8B048DFC487B}.Debug|x64.ActiveCfg = Debug|x64
		{EE2D0645-2F79-4E04-9450-8B048DFC487B}.Debug|x64.Build.0 = Debug|x64
		{EE2D0645-2F79-4E04-9450-8B048DFC487B}.Debug|x86.ActiveCfg = Debug|x86
		{EE2D0645-2F79-4E04-9450-8B048DFC487B}.Debug|x86.Build.0 = Debug|x86
		{EE2D0645-2F79-4E04-9450-8B048DFC487B}.Release|.NET.ActiveCfg = Release|Any CPU
		{EE2D0645-2F79-4E04-9450-8B048DFC487B}.Release|Any CPU.ActiveCfg = Release|Any CPU
		{EE2D0645-2F79-4E04-9450-8B048DFC487B}.Release|Any CPU.Build.0 = Release|Any CPU
		{EE2D0645-2F79-4E04-9450-8B048DFC487B}.Release|Mixed Platforms.ActiveCfg = Release|x86
		{EE2D0645-2F79-4E04-9450-8B048DFC487B}.Release|Mixed Platforms.Build.0 = Release|x86
		{EE2D0645-2F79-4E04-9450-8B048DFC487B}.Release|x64.ActiveCfg = Release|x64
		{EE2D0645-2F79-4E04-9450-8B048DFC487B}.Release|x64.Build.0 = Release|x64
		{EE2D0645-2F79-4E04-9450-8B048DFC487B}.Release|x86.ActiveCfg = Release|x86
		{EE2D0645-2F79-4E04-9450-8B048DFC487B}.Release|x86.Build.0 = Release|x86
		{EE2D0645-2F79-4E04-9450-8B048DFC487B}.Teste x64 Debug|.NET.ActiveCfg = Debug|Any CPU
		{EE2D0645-2F79-4E04-9450-8B048DFC487B}.Teste x64 Debug|Any CPU.ActiveCfg = Debug|Any CPU
		{EE2D0645-2F79-4E04-9450-8B048DFC487B}.Teste x64 Debug|Any CPU.Build.0 = Debug|Any CPU
		{EE2D0645-2F79-4E04-9450-8B048DFC487B}.Teste x64 Debug|Mixed Platforms.ActiveCfg = Debug|x86
		{EE2D0645-2F79-4E04-9450-8B048DFC487B}.Teste x64 Debug|Mixed Platforms.Build.0 = Debug|x86
		{EE2D0645-2F79-4E04-9450-8B048DFC487B}.Teste x64 Debug|x64.ActiveCfg = Debug|x64
		{EE2D0645-2F79-4E04-9450-8B048DFC487B}.Teste x64 Debug|x64.Build.0 = Debug|x64
		{EE2D0645-2F79-4E04-9450-8B048DFC487B}.Teste x64 Debug|x86.ActiveCfg = Debug|x86
		{EE2D0645-2F79-4E04-9450-8B048DFC487B}.Teste x64 Debug|x86.Build.0 = Debug|x86
		{EE2D0645-2F79-4E04-9450-8B048DFC487B}.Teste x64|.NET.ActiveCfg = Release|Any CPU
		{EE2D0645-2F79-4E04-9450-8B048DFC487B}.Teste x64|Any CPU.ActiveCfg = Release|Any CPU
		{EE2D0645-2F79-4E04-9450-8B048DFC487B}.Teste x64|Any CPU.Build.0 = Release|Any CPU
		{EE2D0645-2F79-4E04-9450-8B048DFC487B}.Teste x64|Mixed Platforms.ActiveCfg = Release|x86
		{EE2D0645-2F79-4E04-9450-8B048DFC487B}.Teste x64|Mixed Platforms.Build.0 = Release|x86
		{EE2D0645-2F79-4E04-9450-8B048DFC487B}.Teste x64|x64.ActiveCfg = Release|x64
		{EE2D0645-2F79-4E04-9450-8B048DFC487B}.Teste x64|x64.Build.0 = Release|x64
		{EE2D0645-2F79-4E04-9450-8B048DFC487B}.Teste x64|x86.ActiveCfg = Release|x86
		{EE2D0645-2F79-4E04-9450-8B048DFC487B}.Teste x64|x86.Build.0 = Release|x86
		{D3B19775-74F5-4BFB-9C6F-99C02B63F724}.Debug - Todos menos a Extranet2|.NET.ActiveCfg = Debug|Any CPU
		{D3B19775-74F5-4BFB-9C6F-99C02B63F724}.Debug - Todos menos a Extranet2|Any CPU.ActiveCfg = Debug|Any CPU
		{D3B19775-74F5-4BFB-9C6F-99C02B63F724}.Debug - Todos menos a Extranet2|Any CPU.Build.0 = Debug|Any CPU
		{D3B19775-74F5-4BFB-9C6F-99C02B63F724}.Debug - Todos menos a Extranet2|Mixed Platforms.ActiveCfg = Debug|x86
		{D3B19775-74F5-4BFB-9C6F-99C02B63F724}.Debug - Todos menos a Extranet2|Mixed Platforms.Build.0 = Debug|x86
		{D3B19775-74F5-4BFB-9C6F-99C02B63F724}.Debug - Todos menos a Extranet2|x64.ActiveCfg = Debug|x64
		{D3B19775-74F5-4BFB-9C6F-99C02B63F724}.Debug - Todos menos a Extranet2|x64.Build.0 = Debug|x64
		{D3B19775-74F5-4BFB-9C6F-99C02B63F724}.Debug - Todos menos a Extranet2|x86.ActiveCfg = Debug|x86
		{D3B19775-74F5-4BFB-9C6F-99C02B63F724}.Debug - Todos menos a Extranet2|x86.Build.0 = Debug|x86
		{D3B19775-74F5-4BFB-9C6F-99C02B63F724}.Debug|.NET.ActiveCfg = Debug|Any CPU
		{D3B19775-74F5-4BFB-9C6F-99C02B63F724}.Debug|Any CPU.ActiveCfg = Debug|Any CPU
		{D3B19775-74F5-4BFB-9C6F-99C02B63F724}.Debug|Any CPU.Build.0 = Debug|Any CPU
		{D3B19775-74F5-4BFB-9C6F-99C02B63F724}.Debug|Mixed Platforms.ActiveCfg = Debug|x86
		{D3B19775-74F5-4BFB-9C6F-99C02B63F724}.Debug|Mixed Platforms.Build.0 = Debug|x86
		{D3B19775-74F5-4BFB-9C6F-99C02B63F724}.Debug|x64.ActiveCfg = Debug|x64
		{D3B19775-74F5-4BFB-9C6F-99C02B63F724}.Debug|x64.Build.0 = Debug|x64
		{D3B19775-74F5-4BFB-9C6F-99C02B63F724}.Debug|x86.ActiveCfg = Debug|x86
		{D3B19775-74F5-4BFB-9C6F-99C02B63F724}.Debug|x86.Build.0 = Debug|x86
		{D3B19775-74F5-4BFB-9C6F-99C02B63F724}.Release|.NET.ActiveCfg = Release|Any CPU
		{D3B19775-74F5-4BFB-9C6F-99C02B63F724}.Release|Any CPU.ActiveCfg = Release|Any CPU
		{D3B19775-74F5-4BFB-9C6F-99C02B63F724}.Release|Any CPU.Build.0 = Release|Any CPU
		{D3B19775-74F5-4BFB-9C6F-99C02B63F724}.Release|Mixed Platforms.ActiveCfg = Release|x86
		{D3B19775-74F5-4BFB-9C6F-99C02B63F724}.Release|Mixed Platforms.Build.0 = Release|x86
		{D3B19775-74F5-4BFB-9C6F-99C02B63F724}.Release|x64.ActiveCfg = Release|x64
		{D3B19775-74F5-4BFB-9C6F-99C02B63F724}.Release|x64.Build.0 = Release|x64
		{D3B19775-74F5-4BFB-9C6F-99C02B63F724}.Release|x86.ActiveCfg = Release|x86
		{D3B19775-74F5-4BFB-9C6F-99C02B63F724}.Release|x86.Build.0 = Release|x86
		{D3B19775-74F5-4BFB-9C6F-99C02B63F724}.Teste x64 Debug|.NET.ActiveCfg = Debug|Any CPU
		{D3B19775-74F5-4BFB-9C6F-99C02B63F724}.Teste x64 Debug|Any CPU.ActiveCfg = Debug|Any CPU
		{D3B19775-74F5-4BFB-9C6F-99C02B63F724}.Teste x64 Debug|Any CPU.Build.0 = Debug|Any CPU
		{D3B19775-74F5-4BFB-9C6F-99C02B63F724}.Teste x64 Debug|Mixed Platforms.ActiveCfg = Debug|x86
		{D3B19775-74F5-4BFB-9C6F-99C02B63F724}.Teste x64 Debug|Mixed Platforms.Build.0 = Debug|x86
		{D3B19775-74F5-4BFB-9C6F-99C02B63F724}.Teste x64 Debug|x64.ActiveCfg = Debug|x64
		{D3B19775-74F5-4BFB-9C6F-99C02B63F724}.Teste x64 Debug|x64.Build.0 = Debug|x64
		{D3B19775-74F5-4BFB-9C6F-99C02B63F724}.Teste x64 Debug|x86.ActiveCfg = Debug|x86
		{D3B19775-74F5-4BFB-9C6F-99C02B63F724}.Teste x64 Debug|x86.Build.0 = Debug|x86
		{D3B19775-74F5-4BFB-9C6F-99C02B63F724}.Teste x64|.NET.ActiveCfg = Release|Any CPU
		{D3B19775-74F5-4BFB-9C6F-99C02B63F724}.Teste x64|Any CPU.ActiveCfg = Release|Any CPU
		{D3B19775-74F5-4BFB-9C6F-99C02B63F724}.Teste x64|Any CPU.Build.0 = Release|Any CPU
		{D3B19775-74F5-4BFB-9C6F-99C02B63F724}.Teste x64|Mixed Platforms.ActiveCfg = Release|x86
		{D3B19775-74F5-4BFB-9C6F-99C02B63F724}.Teste x64|Mixed Platforms.Build.0 = Release|x86
		{D3B19775-74F5-4BFB-9C6F-99C02B63F724}.Teste x64|x64.ActiveCfg = Release|x64
		{D3B19775-74F5-4BFB-9C6F-99C02B63F724}.Teste x64|x64.Build.0 = Release|x64
		{D3B19775-74F5-4BFB-9C6F-99C02B63F724}.Teste x64|x86.ActiveCfg = Release|x86
		{D3B19775-74F5-4BFB-9C6F-99C02B63F724}.Teste x64|x86.Build.0 = Release|x86
		{5EDB5BB2-338F-4DF5-9B60-8581659E731F}.Debug - Todos menos a Extranet2|.NET.ActiveCfg = Debug|Any CPU
		{5EDB5BB2-338F-4DF5-9B60-8581659E731F}.Debug - Todos menos a Extranet2|Any CPU.ActiveCfg = Debug|Any CPU
		{5EDB5BB2-338F-4DF5-9B60-8581659E731F}.Debug - Todos menos a Extranet2|Any CPU.Build.0 = Debug|Any CPU
		{5EDB5BB2-338F-4DF5-9B60-8581659E731F}.Debug - Todos menos a Extranet2|Mixed Platforms.ActiveCfg = Debug|Any CPU
		{5EDB5BB2-338F-4DF5-9B60-8581659E731F}.Debug - Todos menos a Extranet2|Mixed Platforms.Build.0 = Debug|Any CPU
		{5EDB5BB2-338F-4DF5-9B60-8581659E731F}.Debug - Todos menos a Extranet2|x64.ActiveCfg = Debug|Any CPU
		{5EDB5BB2-338F-4DF5-9B60-8581659E731F}.Debug - Todos menos a Extranet2|x86.ActiveCfg = Debug|Any CPU
		{5EDB5BB2-338F-4DF5-9B60-8581659E731F}.Debug|.NET.ActiveCfg = Debug|Any CPU
		{5EDB5BB2-338F-4DF5-9B60-8581659E731F}.Debug|Any CPU.ActiveCfg = Debug|Any CPU
		{5EDB5BB2-338F-4DF5-9B60-8581659E731F}.Debug|Any CPU.Build.0 = Debug|Any CPU
		{5EDB5BB2-338F-4DF5-9B60-8581659E731F}.Debug|Mixed Platforms.ActiveCfg = Debug|Any CPU
		{5EDB5BB2-338F-4DF5-9B60-8581659E731F}.Debug|Mixed Platforms.Build.0 = Debug|Any CPU
		{5EDB5BB2-338F-4DF5-9B60-8581659E731F}.Debug|x64.ActiveCfg = Debug|Any CPU
		{5EDB5BB2-338F-4DF5-9B60-8581659E731F}.Debug|x86.ActiveCfg = Debug|Any CPU
		{5EDB5BB2-338F-4DF5-9B60-8581659E731F}.Release|.NET.ActiveCfg = Release|Any CPU
		{5EDB5BB2-338F-4DF5-9B60-8581659E731F}.Release|Any CPU.ActiveCfg = Release|Any CPU
		{5EDB5BB2-338F-4DF5-9B60-8581659E731F}.Release|Any CPU.Build.0 = Release|Any CPU
		{5EDB5BB2-338F-4DF5-9B60-8581659E731F}.Release|Mixed Platforms.ActiveCfg = Release|Any CPU
		{5EDB5BB2-338F-4DF5-9B60-8581659E731F}.Release|Mixed Platforms.Build.0 = Release|Any CPU
		{5EDB5BB2-338F-4DF5-9B60-8581659E731F}.Release|x64.ActiveCfg = Release|Any CPU
		{5EDB5BB2-338F-4DF5-9B60-8581659E731F}.Release|x86.ActiveCfg = Release|Any CPU
		{5EDB5BB2-338F-4DF5-9B60-8581659E731F}.Teste x64 Debug|.NET.ActiveCfg = Debug|Any CPU
		{5EDB5BB2-338F-4DF5-9B60-8581659E731F}.Teste x64 Debug|Any CPU.ActiveCfg = Debug|Any CPU
		{5EDB5BB2-338F-4DF5-9B60-8581659E731F}.Teste x64 Debug|Any CPU.Build.0 = Debug|Any CPU
		{5EDB5BB2-338F-4DF5-9B60-8581659E731F}.Teste x64 Debug|Mixed Platforms.ActiveCfg = Debug|Any CPU
		{5EDB5BB2-338F-4DF5-9B60-8581659E731F}.Teste x64 Debug|Mixed Platforms.Build.0 = Debug|Any CPU
		{5EDB5BB2-338F-4DF5-9B60-8581659E731F}.Teste x64 Debug|x64.ActiveCfg = Debug|Any CPU
		{5EDB5BB2-338F-4DF5-9B60-8581659E731F}.Teste x64 Debug|x86.ActiveCfg = Debug|Any CPU
		{5EDB5BB2-338F-4DF5-9B60-8581659E731F}.Teste x64|.NET.ActiveCfg = Release|Any CPU
		{5EDB5BB2-338F-4DF5-9B60-8581659E731F}.Teste x64|Any CPU.ActiveCfg = Release|Any CPU
		{5EDB5BB2-338F-4DF5-9B60-8581659E731F}.Teste x64|Any CPU.Build.0 = Release|Any CPU
		{5EDB5BB2-338F-4DF5-9B60-8581659E731F}.Teste x64|Mixed Platforms.ActiveCfg = Release|Any CPU
		{5EDB5BB2-338F-4DF5-9B60-8581659E731F}.Teste x64|Mixed Platforms.Build.0 = Release|Any CPU
		{5EDB5BB2-338F-4DF5-9B60-8581659E731F}.Teste x64|x64.ActiveCfg = Release|Any CPU
		{5EDB5BB2-338F-4DF5-9B60-8581659E731F}.Teste x64|x86.ActiveCfg = Release|Any CPU
		{49AC7BC0-7E17-4F53-9192-D16909B3ECA1}.Debug - Todos menos a Extranet2|.NET.ActiveCfg = Debug|Any CPU
		{49AC7BC0-7E17-4F53-9192-D16909B3ECA1}.Debug - Todos menos a Extranet2|Any CPU.ActiveCfg = Debug|Any CPU
		{49AC7BC0-7E17-4F53-9192-D16909B3ECA1}.Debug - Todos menos a Extranet2|Any CPU.Build.0 = Debug|Any CPU
		{49AC7BC0-7E17-4F53-9192-D16909B3ECA1}.Debug - Todos menos a Extranet2|Mixed Platforms.ActiveCfg = Debug|Any CPU
		{49AC7BC0-7E17-4F53-9192-D16909B3ECA1}.Debug - Todos menos a Extranet2|Mixed Platforms.Build.0 = Debug|Any CPU
		{49AC7BC0-7E17-4F53-9192-D16909B3ECA1}.Debug - Todos menos a Extranet2|x64.ActiveCfg = Debug|Any CPU
		{49AC7BC0-7E17-4F53-9192-D16909B3ECA1}.Debug - Todos menos a Extranet2|x86.ActiveCfg = Debug|Any CPU
		{49AC7BC0-7E17-4F53-9192-D16909B3ECA1}.Debug|.NET.ActiveCfg = Debug|Any CPU
		{49AC7BC0-7E17-4F53-9192-D16909B3ECA1}.Debug|Any CPU.ActiveCfg = Debug|Any CPU
		{49AC7BC0-7E17-4F53-9192-D16909B3ECA1}.Debug|Any CPU.Build.0 = Debug|Any CPU
		{49AC7BC0-7E17-4F53-9192-D16909B3ECA1}.Debug|Mixed Platforms.ActiveCfg = Debug|Any CPU
		{49AC7BC0-7E17-4F53-9192-D16909B3ECA1}.Debug|Mixed Platforms.Build.0 = Debug|Any CPU
		{49AC7BC0-7E17-4F53-9192-D16909B3ECA1}.Debug|x64.ActiveCfg = Debug|Any CPU
		{49AC7BC0-7E17-4F53-9192-D16909B3ECA1}.Debug|x86.ActiveCfg = Debug|Any CPU
		{49AC7BC0-7E17-4F53-9192-D16909B3ECA1}.Release|.NET.ActiveCfg = Release|Any CPU
		{49AC7BC0-7E17-4F53-9192-D16909B3ECA1}.Release|Any CPU.ActiveCfg = Release|Any CPU
		{49AC7BC0-7E17-4F53-9192-D16909B3ECA1}.Release|Any CPU.Build.0 = Release|Any CPU
		{49AC7BC0-7E17-4F53-9192-D16909B3ECA1}.Release|Mixed Platforms.ActiveCfg = Release|Any CPU
		{49AC7BC0-7E17-4F53-9192-D16909B3ECA1}.Release|Mixed Platforms.Build.0 = Release|Any CPU
		{49AC7BC0-7E17-4F53-9192-D16909B3ECA1}.Release|x64.ActiveCfg = Release|Any CPU
		{49AC7BC0-7E17-4F53-9192-D16909B3ECA1}.Release|x86.ActiveCfg = Release|Any CPU
		{49AC7BC0-7E17-4F53-9192-D16909B3ECA1}.Teste x64 Debug|.NET.ActiveCfg = Debug|Any CPU
		{49AC7BC0-7E17-4F53-9192-D16909B3ECA1}.Teste x64 Debug|Any CPU.ActiveCfg = Debug|Any CPU
		{49AC7BC0-7E17-4F53-9192-D16909B3ECA1}.Teste x64 Debug|Any CPU.Build.0 = Debug|Any CPU
		{49AC7BC0-7E17-4F53-9192-D16909B3ECA1}.Teste x64 Debug|Mixed Platforms.ActiveCfg = Debug|Any CPU
		{49AC7BC0-7E17-4F53-9192-D16909B3ECA1}.Teste x64 Debug|Mixed Platforms.Build.0 = Debug|Any CPU
		{49AC7BC0-7E17-4F53-9192-D16909B3ECA1}.Teste x64 Debug|x64.ActiveCfg = Debug|Any CPU
		{49AC7BC0-7E17-4F53-9192-D16909B3ECA1}.Teste x64 Debug|x86.ActiveCfg = Debug|Any CPU
		{49AC7BC0-7E17-4F53-9192-D16909B3ECA1}.Teste x64|.NET.ActiveCfg = Release|Any CPU
		{49AC7BC0-7E17-4F53-9192-D16909B3ECA1}.Teste x64|Any CPU.ActiveCfg = Release|Any CPU
		{49AC7BC0-7E17-4F53-9192-D16909B3ECA1}.Teste x64|Any CPU.Build.0 = Release|Any CPU
		{49AC7BC0-7E17-4F53-9192-D16909B3ECA1}.Teste x64|Mixed Platforms.ActiveCfg = Release|Any CPU
		{49AC7BC0-7E17-4F53-9192-D16909B3ECA1}.Teste x64|Mixed Platforms.Build.0 = Release|Any CPU
		{49AC7BC0-7E17-4F53-9192-D16909B3ECA1}.Teste x64|x64.ActiveCfg = Release|Any CPU
		{49AC7BC0-7E17-4F53-9192-D16909B3ECA1}.Teste x64|x86.ActiveCfg = Release|Any CPU
		{A88C8C6D-7E84-4F85-9E18-231979B1F4A6}.Debug - Todos menos a Extranet2|.NET.ActiveCfg = Debug|Any CPU
		{A88C8C6D-7E84-4F85-9E18-231979B1F4A6}.Debug - Todos menos a Extranet2|Any CPU.ActiveCfg = Debug|Any CPU
		{A88C8C6D-7E84-4F85-9E18-231979B1F4A6}.Debug - Todos menos a Extranet2|Any CPU.Build.0 = Debug|Any CPU
		{A88C8C6D-7E84-4F85-9E18-231979B1F4A6}.Debug - Todos menos a Extranet2|Mixed Platforms.ActiveCfg = Debug|x86
		{A88C8C6D-7E84-4F85-9E18-231979B1F4A6}.Debug - Todos menos a Extranet2|Mixed Platforms.Build.0 = Debug|x86
		{A88C8C6D-7E84-4F85-9E18-231979B1F4A6}.Debug - Todos menos a Extranet2|x64.ActiveCfg = Debug|x64
		{A88C8C6D-7E84-4F85-9E18-231979B1F4A6}.Debug - Todos menos a Extranet2|x64.Build.0 = Debug|x64
		{A88C8C6D-7E84-4F85-9E18-231979B1F4A6}.Debug - Todos menos a Extranet2|x86.ActiveCfg = Debug|x86
		{A88C8C6D-7E84-4F85-9E18-231979B1F4A6}.Debug - Todos menos a Extranet2|x86.Build.0 = Debug|x86
		{A88C8C6D-7E84-4F85-9E18-231979B1F4A6}.Debug|.NET.ActiveCfg = Debug|Any CPU
		{A88C8C6D-7E84-4F85-9E18-231979B1F4A6}.Debug|Any CPU.ActiveCfg = Debug|Any CPU
		{A88C8C6D-7E84-4F85-9E18-231979B1F4A6}.Debug|Any CPU.Build.0 = Debug|Any CPU
		{A88C8C6D-7E84-4F85-9E18-231979B1F4A6}.Debug|Mixed Platforms.ActiveCfg = Debug|x86
		{A88C8C6D-7E84-4F85-9E18-231979B1F4A6}.Debug|Mixed Platforms.Build.0 = Debug|x86
		{A88C8C6D-7E84-4F85-9E18-231979B1F4A6}.Debug|x64.ActiveCfg = Debug|x64
		{A88C8C6D-7E84-4F85-9E18-231979B1F4A6}.Debug|x64.Build.0 = Debug|x64
		{A88C8C6D-7E84-4F85-9E18-231979B1F4A6}.Debug|x86.ActiveCfg = Debug|x86
		{A88C8C6D-7E84-4F85-9E18-231979B1F4A6}.Debug|x86.Build.0 = Debug|x86
		{A88C8C6D-7E84-4F85-9E18-231979B1F4A6}.Release|.NET.ActiveCfg = Release|Any CPU
		{A88C8C6D-7E84-4F85-9E18-231979B1F4A6}.Release|Any CPU.ActiveCfg = Release|Any CPU
		{A88C8C6D-7E84-4F85-9E18-231979B1F4A6}.Release|Any CPU.Build.0 = Release|Any CPU
		{A88C8C6D-7E84-4F85-9E18-231979B1F4A6}.Release|Mixed Platforms.ActiveCfg = Release|x86
		{A88C8C6D-7E84-4F85-9E18-231979B1F4A6}.Release|Mixed Platforms.Build.0 = Release|x86
		{A88C8C6D-7E84-4F85-9E18-231979B1F4A6}.Release|x64.ActiveCfg = Release|x64
		{A88C8C6D-7E84-4F85-9E18-231979B1F4A6}.Release|x64.Build.0 = Release|x64
		{A88C8C6D-7E84-4F85-9E18-231979B1F4A6}.Release|x86.ActiveCfg = Release|x86
		{A88C8C6D-7E84-4F85-9E18-231979B1F4A6}.Release|x86.Build.0 = Release|x86
		{A88C8C6D-7E84-4F85-9E18-231979B1F4A6}.Teste x64 Debug|.NET.ActiveCfg = Debug|Any CPU
		{A88C8C6D-7E84-4F85-9E18-231979B1F4A6}.Teste x64 Debug|Any CPU.ActiveCfg = Debug|Any CPU
		{A88C8C6D-7E84-4F85-9E18-231979B1F4A6}.Teste x64 Debug|Any CPU.Build.0 = Debug|Any CPU
		{A88C8C6D-7E84-4F85-9E18-231979B1F4A6}.Teste x64 Debug|Mixed Platforms.ActiveCfg = Debug|x86
		{A88C8C6D-7E84-4F85-9E18-231979B1F4A6}.Teste x64 Debug|Mixed Platforms.Build.0 = Debug|x86
		{A88C8C6D-7E84-4F85-9E18-231979B1F4A6}.Teste x64 Debug|x64.ActiveCfg = Debug|x64
		{A88C8C6D-7E84-4F85-9E18-231979B1F4A6}.Teste x64 Debug|x64.Build.0 = Debug|x64
		{A88C8C6D-7E84-4F85-9E18-231979B1F4A6}.Teste x64 Debug|x86.ActiveCfg = Debug|x86
		{A88C8C6D-7E84-4F85-9E18-231979B1F4A6}.Teste x64 Debug|x86.Build.0 = Debug|x86
		{A88C8C6D-7E84-4F85-9E18-231979B1F4A6}.Teste x64|.NET.ActiveCfg = Release|Any CPU
		{A88C8C6D-7E84-4F85-9E18-231979B1F4A6}.Teste x64|Any CPU.ActiveCfg = Release|Any CPU
		{A88C8C6D-7E84-4F85-9E18-231979B1F4A6}.Teste x64|Any CPU.Build.0 = Release|Any CPU
		{A88C8C6D-7E84-4F85-9E18-231979B1F4A6}.Teste x64|Mixed Platforms.ActiveCfg = Release|x86
		{A88C8C6D-7E84-4F85-9E18-231979B1F4A6}.Teste x64|Mixed Platforms.Build.0 = Release|x86
		{A88C8C6D-7E84-4F85-9E18-231979B1F4A6}.Teste x64|x64.ActiveCfg = Release|x64
		{A88C8C6D-7E84-4F85-9E18-231979B1F4A6}.Teste x64|x64.Build.0 = Release|x64
		{A88C8C6D-7E84-4F85-9E18-231979B1F4A6}.Teste x64|x86.ActiveCfg = Release|x86
		{A88C8C6D-7E84-4F85-9E18-231979B1F4A6}.Teste x64|x86.Build.0 = Release|x86
		{1D964EF2-8D9C-452E-8F80-418C77B8AE58}.Debug - Todos menos a Extranet2|.NET.ActiveCfg = Debug|Any CPU
		{1D964EF2-8D9C-452E-8F80-418C77B8AE58}.Debug - Todos menos a Extranet2|Any CPU.ActiveCfg = Debug|Any CPU
		{1D964EF2-8D9C-452E-8F80-418C77B8AE58}.Debug - Todos menos a Extranet2|Any CPU.Build.0 = Debug|Any CPU
		{1D964EF2-8D9C-452E-8F80-418C77B8AE58}.Debug - Todos menos a Extranet2|Mixed Platforms.ActiveCfg = Debug|x86
		{1D964EF2-8D9C-452E-8F80-418C77B8AE58}.Debug - Todos menos a Extranet2|Mixed Platforms.Build.0 = Debug|x86
		{1D964EF2-8D9C-452E-8F80-418C77B8AE58}.Debug - Todos menos a Extranet2|x64.ActiveCfg = Debug|x64
		{1D964EF2-8D9C-452E-8F80-418C77B8AE58}.Debug - Todos menos a Extranet2|x64.Build.0 = Debug|x64
		{1D964EF2-8D9C-452E-8F80-418C77B8AE58}.Debug - Todos menos a Extranet2|x86.ActiveCfg = Debug|x86
		{1D964EF2-8D9C-452E-8F80-418C77B8AE58}.Debug - Todos menos a Extranet2|x86.Build.0 = Debug|x86
		{1D964EF2-8D9C-452E-8F80-418C77B8AE58}.Debug|.NET.ActiveCfg = Debug|Any CPU
		{1D964EF2-8D9C-452E-8F80-418C77B8AE58}.Debug|Any CPU.ActiveCfg = Debug|Any CPU
		{1D964EF2-8D9C-452E-8F80-418C77B8AE58}.Debug|Any CPU.Build.0 = Debug|Any CPU
		{1D964EF2-8D9C-452E-8F80-418C77B8AE58}.Debug|Mixed Platforms.ActiveCfg = Debug|x86
		{1D964EF2-8D9C-452E-8F80-418C77B8AE58}.Debug|Mixed Platforms.Build.0 = Debug|x86
		{1D964EF2-8D9C-452E-8F80-418C77B8AE58}.Debug|x64.ActiveCfg = Debug|x64
		{1D964EF2-8D9C-452E-8F80-418C77B8AE58}.Debug|x64.Build.0 = Debug|x64
		{1D964EF2-8D9C-452E-8F80-418C77B8AE58}.Debug|x86.ActiveCfg = Debug|x86
		{1D964EF2-8D9C-452E-8F80-418C77B8AE58}.Debug|x86.Build.0 = Debug|x86
		{1D964EF2-8D9C-452E-8F80-418C77B8AE58}.Release|.NET.ActiveCfg = Release|Any CPU
		{1D964EF2-8D9C-452E-8F80-418C77B8AE58}.Release|Any CPU.ActiveCfg = Release|Any CPU
		{1D964EF2-8D9C-452E-8F80-418C77B8AE58}.Release|Any CPU.Build.0 = Release|Any CPU
		{1D964EF2-8D9C-452E-8F80-418C77B8AE58}.Release|Mixed Platforms.ActiveCfg = Release|x86
		{1D964EF2-8D9C-452E-8F80-418C77B8AE58}.Release|Mixed Platforms.Build.0 = Release|x86
		{1D964EF2-8D9C-452E-8F80-418C77B8AE58}.Release|x64.ActiveCfg = Release|x64
		{1D964EF2-8D9C-452E-8F80-418C77B8AE58}.Release|x64.Build.0 = Release|x64
		{1D964EF2-8D9C-452E-8F80-418C77B8AE58}.Release|x86.ActiveCfg = Release|x86
		{1D964EF2-8D9C-452E-8F80-418C77B8AE58}.Release|x86.Build.0 = Release|x86
		{1D964EF2-8D9C-452E-8F80-418C77B8AE58}.Teste x64 Debug|.NET.ActiveCfg = Debug|Any CPU
		{1D964EF2-8D9C-452E-8F80-418C77B8AE58}.Teste x64 Debug|Any CPU.ActiveCfg = Debug|Any CPU
		{1D964EF2-8D9C-452E-8F80-418C77B8AE58}.Teste x64 Debug|Any CPU.Build.0 = Debug|Any CPU
		{1D964EF2-8D9C-452E-8F80-418C77B8AE58}.Teste x64 Debug|Mixed Platforms.ActiveCfg = Debug|x86
		{1D964EF2-8D9C-452E-8F80-418C77B8AE58}.Teste x64 Debug|Mixed Platforms.Build.0 = Debug|x86
		{1D964EF2-8D9C-452E-8F80-418C77B8AE58}.Teste x64 Debug|x64.ActiveCfg = Debug|x64
		{1D964EF2-8D9C-452E-8F80-418C77B8AE58}.Teste x64 Debug|x64.Build.0 = Debug|x64
		{1D964EF2-8D9C-452E-8F80-418C77B8AE58}.Teste x64 Debug|x86.ActiveCfg = Debug|x86
		{1D964EF2-8D9C-452E-8F80-418C77B8AE58}.Teste x64 Debug|x86.Build.0 = Debug|x86
		{1D964EF2-8D9C-452E-8F80-418C77B8AE58}.Teste x64|.NET.ActiveCfg = Release|Any CPU
		{1D964EF2-8D9C-452E-8F80-418C77B8AE58}.Teste x64|Any CPU.ActiveCfg = Release|Any CPU
		{1D964EF2-8D9C-452E-8F80-418C77B8AE58}.Teste x64|Any CPU.Build.0 = Release|Any CPU
		{1D964EF2-8D9C-452E-8F80-418C77B8AE58}.Teste x64|Mixed Platforms.ActiveCfg = Release|x86
		{1D964EF2-8D9C-452E-8F80-418C77B8AE58}.Teste x64|Mixed Platforms.Build.0 = Release|x86
		{1D964EF2-8D9C-452E-8F80-418C77B8AE58}.Teste x64|x64.ActiveCfg = Release|x64
		{1D964EF2-8D9C-452E-8F80-418C77B8AE58}.Teste x64|x64.Build.0 = Release|x64
		{1D964EF2-8D9C-452E-8F80-418C77B8AE58}.Teste x64|x86.ActiveCfg = Release|x86
		{1D964EF2-8D9C-452E-8F80-418C77B8AE58}.Teste x64|x86.Build.0 = Release|x86
	EndGlobalSection
	GlobalSection(SolutionProperties) = preSolution
		HideSolutionNode = FALSE
	EndGlobalSection
	GlobalSection(NestedProjects) = preSolution
		{63DA2B0A-727B-4178-B965-5BB5E5359C18} = {3E364A75-45B7-4068-B49F-36D9EF1970B1}
		{08C3F590-28E6-4088-BC62-7AF6925EF92A} = {3E364A75-45B7-4068-B49F-36D9EF1970B1}
		{AA8B5043-35D4-48B9-BC6A-05225FB162D9} = {3E364A75-45B7-4068-B49F-36D9EF1970B1}
		{EE2D0645-2F79-4E04-9450-8B048DFC487B} = {659418C6-3936-4056-AC07-9666C24F2537}
		{D3B19775-74F5-4BFB-9C6F-99C02B63F724} = {659418C6-3936-4056-AC07-9666C24F2537}
		{5EDB5BB2-338F-4DF5-9B60-8581659E731F} = {6DA99475-698E-474F-BFDE-4673E9AC485B}
		{49AC7BC0-7E17-4F53-9192-D16909B3ECA1} = {6DA99475-698E-474F-BFDE-4673E9AC485B}
		{A88C8C6D-7E84-4F85-9E18-231979B1F4A6} = {466A1DF5-259F-4F47-A69F-6C01BC751E63}
		{1D964EF2-8D9C-452E-8F80-418C77B8AE58} = {466A1DF5-259F-4F47-A69F-6C01BC751E63}
	EndGlobalSection
EndGlobal
